Microsoft Visual Studio Solution File, Format Version 12.00
# Visual Studio Version 17
VisualStudioVersion = 17.5.2.0
MinimumVisualStudioVersion = 10.0.40219.1
Project("{FAE04EC0-301F-11D3-BF4B-00C04F79EFBC}") = "CrChUiSd", "CrChUiSd.csproj", "{8494E0BA-FA05-77DE-77AE-821EAE89580D}"
EndProject
Global
	GlobalSection(SolutionConfigurationPlatforms) = preSolution
		Debug|Any CPU = Debug|Any CPU
		Release|Any CPU = Release|Any CPU
	EndGlobalSection
	GlobalSection(ProjectConfigurationPlatforms) = postSolution
		{8494E0BA-FA05-77DE-77AE-821EAE89580D}.Debug|Any CPU.ActiveCfg = Debug|Any CPU
		{8494E0BA-FA05-77DE-77AE-821EAE89580D}.Debug|Any CPU.Build.0 = Debug|Any CPU
		{8494E0BA-FA05-77DE-77AE-821EAE89580D}.Release|Any CPU.ActiveCfg = Release|Any CPU
		{8494E0BA-FA05-77DE-77AE-821EAE89580D}.Release|Any CPU.Build.0 = Release|Any CPU
	EndGlobalSection
	GlobalSection(SolutionProperties) = preSolution
		HideSolutionNode = FALSE
	EndGlobalSection
	GlobalSection(ExtensibilityGlobals) = postSolution
		SolutionGuid = {AB77E09A-6ED9-4C0A-992A-2A932F2BC023}
	EndGlobalSection
EndGlobal
